
Microsoft Visual Studio Solution File, Format Version 12.00
# Visual Studio Version 17
VisualStudioVersion = 17.4.33213.308
MinimumVisualStudioVersion = 10.0.40219.1
Project("{FAE04EC0-301F-11D3-BF4B-00C04F79EFBC}") = "PSP02_JuegoPelota", "PSP02_JuegoPelota.csproj", "{3E273D77-2100-4686-8989-995D80D56796}"
EndProject
Global
	GlobalSection(SolutionConfigurationPlatforms) = preSolution
		Debug|Any CPU = Debug|Any CPU
		Release|Any CPU = Release|Any CPU
	EndGlobalSection
	GlobalSection(ProjectConfigurationPlatforms) = postSolution
		{3E273D77-2100-4686-8989-995D80D56796}.Debug|Any CPU.ActiveCfg = Debug|Any CPU
		{3E273D77-2100-4686-8989-995D80D56796}.Debug|Any CPU.Build.0 = Debug|Any CPU
		{3E273D77-2100-4686-8989-995D80D56796}.Release|Any CPU.ActiveCfg = Release|Any CPU
		{3E273D77-2100-4686-8989-995D80D56796}.Release|Any CPU.Build.0 = Release|Any CPU
	EndGlobalSection
	GlobalSection(SolutionProperties) = preSolution
		HideSolutionNode = FALSE
	EndGlobalSection
	GlobalSection(ExtensibilityGlobals) = postSolution
		SolutionGuid = {02138DCE-6399-4425-8077-3EEC77AE8E19}
	EndGlobalSection
EndGlobal
